PODS:
  - GoogleMobileVision (1.2.0):
    - GoogleMobileVision/BarcodeDetector (= 1.2.0)
    - GoogleMobileVision/Detector (= 1.2.0)
    - GoogleMobileVision/FaceDetector (= 1.2.0)
    - GoogleMobileVision/MVDataOutput (= 1.2.0)
    - GoogleMobileVision/TextDetector (= 1.2.0)
  - GoogleMobileVision/BarcodeDetector (1.2.0):
    - GoogleMobileVision/Detector (~> 1.2)
  - GoogleMobileVision/Detector (1.2.0):
    - GoogleToolboxForMac/Logger (~> 2.1)
    - "GoogleToolboxForMac/NSData+zlib (~> 2.1)"
    - GTMSessionFetcher/Core (~> 1.1)
    - Protobuf (~> 3.1)
  - GoogleMobileVision/FaceDetector (1.2.0):
    - GoogleMobileVision/Detector (~> 1.2)
  - GoogleMobileVision/MVDataOutput (1.2.0):
    - GoogleMobileVision/Detector (~> 1.2)
  - GoogleMobileVision/TextDetector (1.2.0):
    - GoogleMobileVision/Detector (~> 1.2)
  - GoogleToolboxForMac/Defines (2.1.4)
  - GoogleToolboxForMac/Logger (2.1.4):
    - GoogleToolboxForMac/Defines (= 2.1.4)
  - "GoogleToolboxForMac/NSData+zlib (2.1.4)":
    - GoogleToolboxForMac/Defines (= 2.1.4)
  - GTMSessionFetcher/Core (1.1.15)
  - Protobuf (3.5.0)

DEPENDENCIES:
  - GoogleMobileVision (~> 1.2)

SPEC REPOS:
  https://github.com/cocoapods/specs.git:
    - GoogleMobileVision
    - GoogleToolboxForMac
    - GTMSessionFetcher
    - Protobuf

SPEC CHECKSUMS:
  GoogleMobileVision: 40dff1d2943fc73a597377e8e79e46aa970868b2
  GoogleToolboxForMac: 91c824d21e85b31c2aae9bb011c5027c9b4e738f
  GTMSessionFetcher: 5fa5b80fd20e439ef5f545fb2cb3ca6c6714caa2
  Protobuf: 8a9838fba8dae3389230e1b7f8c104aa32389c03

PODFILE CHECKSUM: 85bdfcf787a7a3486c2814ea7913c4ddc89754c6

COCOAPODS: 1.5.2
